
Microsoft Visual Studio Solution File, Format Version 12.00
# Visual Studio Version 16
VisualStudioVersion = 16.0.30204.135
MinimumVisualStudioVersion = 10.0.40219.1
Project("{FAE04EC0-301F-11D3-BF4B-00C04F79EFBC}") = "WpfAppPrismExample", "WpfAppPrismExample\WpfAppPrismExample.csproj", "{CBD3B8C6-6E9F-4460-9017-B11A6547FF22}"
EndProject
Project("{FAE04EC0-301F-11D3-BF4B-00C04F79EFBC}") = "ClassLibraryPrismApplicationModule", "ClassLibraryPrismApplicationModule\ClassLibraryPrismApplicationModule.csproj", "{B224ECDD-0729-4E4E-BD8A-3ABBBFB2133B}"
EndProject
Global
	GlobalSection(SolutionConfigurationPlatforms) = preSolution
		Debug|Any CPU = Debug|Any CPU
		Release|Any CPU = Release|Any CPU
	EndGlobalSection
	GlobalSection(ProjectConfigurationPlatforms) = postSolution
		{CBD3B8C6-6E9F-4460-9017-B11A6547FF22}.Debug|Any CPU.ActiveCfg = Debug|Any CPU
		{CBD3B8C6-6E9F-4460-9017-B11A6547FF22}.Debug|Any CPU.Build.0 = Debug|Any CPU
		{CBD3B8C6-6E9F-4460-9017-B11A6547FF22}.Release|Any CPU.ActiveCfg = Release|Any CPU
		{CBD3B8C6-6E9F-4460-9017-B11A6547FF22}.Release|Any CPU.Build.0 = Release|Any CPU
		{B224ECDD-0729-4E4E-BD8A-3ABBBFB2133B}.Debug|Any CPU.ActiveCfg = Debug|Any CPU
		{B224ECDD-0729-4E4E-BD8A-3ABBBFB2133B}.Debug|Any CPU.Build.0 = Debug|Any CPU
		{B224ECDD-0729-4E4E-BD8A-3ABBBFB2133B}.Release|Any CPU.ActiveCfg = Release|Any CPU
		{B224ECDD-0729-4E4E-BD8A-3ABBBFB2133B}.Release|Any CPU.Build.0 = Release|Any CPU
	EndGlobalSection
	GlobalSection(SolutionProperties) = preSolution
		HideSolutionNode = FALSE
	EndGlobalSection
	GlobalSection(ExtensibilityGlobals) = postSolution
		SolutionGuid = {0CE72FD8-5895-4860-B33B-E20794DDC8E9}
	EndGlobalSection
EndGlobal
